# fpr.lock -- generated by `qos.py lock`; do not edit by hand.
# Every `use "spec#hash"` pin in this tree, resolved to its
# committed version (.fpr/versions.db) and content blob (.fpr/store).
# spec  version  hash  pinned-by
svc v1.7 7a8f8240e4f5728a programs/mods/qlog.fpr
coreutil v1.1 00b87d7442c69e95 programs/mods/qlog.fpr
uart v2.1 8753d4509634e17a programs/mods/svc.fpr
timer v2.0 38fa906125d48580 programs/mods/svc.fpr
mods/timefmt v1.0 39dff276efd647a1 programs/system.fpr
mods/qlog v2.4 7b69b12a610e0fef programs/system.fpr
mods/tui v2.1 af7fad6c6e992699 programs/system.fpr
mods/tui v2.1 af7fad6c6e992699 tests/tuiframes.fpr
