# fpr.lock -- generated by `qos.py lock`; do not edit by hand.
# Every `use "spec#hash"` pin in this tree, resolved to its
# committed version (.fpr/versions.db) and content blob (.fpr/store).
# spec  version  hash  pinned-by
ep v1.0 f5a7c81840106100 programs/mods/blockep.fpr
std/actor v1.0 06e72a5feec8a6d4 programs/mods/blockep.fpr
std/blockio v2.0 1e7c2253c4828e32 programs/mods/blockep.fpr
std/actor v1.0 06e72a5feec8a6d4 programs/mods/ep.fpr
std/fs v1.1 ef209d6518832a06 programs/mods/files.fpr
std/actor v1.0 06e72a5feec8a6d4 programs/mods/graphics.fpr
svc v3.0 0c925c3cb42f0f77 programs/mods/qlog.fpr
coreutil v1.1 00b87d7442c69e95 programs/mods/qlog.fpr
std/blockio v2.0 1e7c2253c4828e32 programs/mods/qlog.fpr
std/fs v1.1 ef209d6518832a06 programs/mods/qsys.fpr
qlog v4.0 5c94f0ce8d592d3d programs/mods/qsys.fpr
blockep v1.2 97237492694e7b1a programs/mods/qsys.fpr
std/blockio v2.0 1e7c2253c4828e32 programs/mods/qsys.fpr
std/fs v1.1 ef209d6518832a06 programs/mods/services.fpr
std/blockio v2.0 1e7c2253c4828e32 programs/mods/services.fpr
blockep v1.2 97237492694e7b1a programs/mods/services.fpr
ep v1.0 f5a7c81840106100 programs/mods/svc.fpr
uart v3.0 cdee34460c2ad81a programs/mods/sysep.fpr
timer v2.0 38fa906125d48580 programs/mods/sysep.fpr
mods/timefmt v1.0 39dff276efd647a1 programs/system.fpr
std/fs v1.1 ef209d6518832a06 programs/system.fpr
std/block v2.0 f6a778da43671433 programs/system.fpr
mods/blockep v1.2 97237492694e7b1a programs/system.fpr
std/blockio v2.0 1e7c2253c4828e32 programs/system.fpr
mods/tui v2.1 af7fad6c6e992699 programs/system.fpr
std/blockio v2.0 1e7c2253c4828e32 std/block.fpr
std/actor v1.0 06e72a5feec8a6d4 std/blockio.fpr
../programs/mods/qlog v4.0 5c94f0ce8d592d3d std/fs.fpr
../programs/mods/svc v3.0 0c925c3cb42f0f77 std/fs.fpr
std/actor v1.0 06e72a5feec8a6d4 std/fs.fpr
../programs/mods/ep v1.0 f5a7c81840106100 std/fs.fpr
../programs/mods/ep v1.0 f5a7c81840106100 std/loader.fpr
../programs/mods/qlog v4.0 5c94f0ce8d592d3d tests/qlogblock.fpr
mods/tui v2.1 af7fad6c6e992699 tests/tuiframes.fpr
