# fpr.lock -- generated by `qos.py lock`; do not edit by hand.
# Every `use "spec#hash"` pin in this tree, resolved to its
# committed version (.fpr/versions.db) and content blob (.fpr/store).
# spec  version  hash  pinned-by
ep v1.0 f5a7c81840106100 programs/mods/blockep.fpr
std/actor v1.0 06e72a5feec8a6d4 programs/mods/blockep.fpr
std/blockio v3.0 1326ddf2a0e4841e programs/mods/blockep.fpr
std/actor v1.0 06e72a5feec8a6d4 programs/mods/ep.fpr
std/fs v3.0 10db41d6e4d0d077 programs/mods/files.fpr
std/net v1.0 e014c97bab46e124 programs/mods/fprlive.fpr
std/actor v1.0 06e72a5feec8a6d4 programs/mods/graphics.fpr
std/net v1.0 e014c97bab46e124 programs/mods/liveview.fpr
svc v3.0 0c925c3cb42f0f77 programs/mods/qlog.fpr
coreutil v1.1 00b87d7442c69e95 programs/mods/qlog.fpr
std/blockio v3.0 1326ddf2a0e4841e programs/mods/qlog.fpr
std/fs v3.0 10db41d6e4d0d077 programs/mods/qsys.fpr
std/lifecycle v1.0 f1ee5f21f27625c4 programs/mods/qsys.fpr
blockep v2.0 d44cf337abf58619 programs/mods/qsys.fpr
std/lifecycle v1.0 f1ee5f21f27625c4 programs/mods/services.fpr
blockep v2.0 d44cf337abf58619 programs/mods/services.fpr
ep v1.0 f5a7c81840106100 programs/mods/svc.fpr
uart v3.0 cdee34460c2ad81a programs/mods/sysep.fpr
timer v2.0 38fa906125d48580 programs/mods/sysep.fpr
mods/timefmt v1.0 39dff276efd647a1 programs/system.fpr
std/net v1.0 e014c97bab46e124 programs/system.fpr
std/lifecycle v1.0 f1ee5f21f27625c4 programs/system.fpr
std/fs v3.0 10db41d6e4d0d077 programs/system.fpr
std/block v3.0 17e287cc039996f2 programs/system.fpr
mods/blockep v2.0 d44cf337abf58619 programs/system.fpr
std/blockio v3.0 1326ddf2a0e4841e programs/system.fpr
mods/tui v2.1 af7fad6c6e992699 programs/system.fpr
std/blockio v3.0 1326ddf2a0e4841e std/block.fpr
std/actor v1.0 06e72a5feec8a6d4 std/blockio.fpr
../programs/mods/qlog v5.0 bac5b00293d99d6c std/fs.fpr
../programs/mods/svc v3.0 0c925c3cb42f0f77 std/fs.fpr
std/actor v1.0 06e72a5feec8a6d4 std/fs.fpr
std/blockio v3.0 1326ddf2a0e4841e std/fs.fpr
../programs/mods/ep v1.0 f5a7c81840106100 std/fs.fpr
std/actor v1.0 06e72a5feec8a6d4 std/lifecycle.fpr
std/net v1.0 e014c97bab46e124 std/lifecycle.fpr
std/fs v3.0 10db41d6e4d0d077 std/lifecycle.fpr
std/blockio v3.0 1326ddf2a0e4841e std/lifecycle.fpr
../programs/mods/ep v1.0 f5a7c81840106100 std/loader.fpr
std/actor v1.0 06e72a5feec8a6d4 std/net.fpr
../std/net v1.0 e014c97bab46e124 tests/native-netowner.fpr
../std/net v1.0 e014c97bab46e124 tests/netactor.fpr
std/actor v1.0 06e72a5feec8a6d4 tests/netactor.fpr
../std/net v1.0 e014c97bab46e124 tests/netactorprocess.fpr
../std/net v1.0 e014c97bab46e124 tests/netactorstall.fpr
../std/net v1.0 e014c97bab46e124 tests/netactorstart.fpr
std/actor v1.0 06e72a5feec8a6d4 tests/netactorstart.fpr
../std/net v1.0 e014c97bab46e124 tests/nettransport.fpr
std/blockio v3.0 1326ddf2a0e4841e tests/portabledurable.fpr
svc v3.0 0c925c3cb42f0f77 tests/portabledurable.fpr
../programs/mods/qlog v5.0 bac5b00293d99d6c tests/qlogblock.fpr
mods/tui v2.1 af7fad6c6e992699 tests/tuiframes.fpr
